{
  "name": "annoy",
  "version": "1.0.0",
  "lockfileVersion": 1,
  "requires": true,
  "dependencies": {
    "@rayyamhk/complex": {
      "version": "1.0.12",
      "resolved": "https://registry.npmjs.org/@rayyamhk/complex/-/complex-1.0.12.tgz",
      "integrity": "sha512-UWvzpf+38nl0M5+ocRIyRvAodW+qLa5LaxECRmcnT6PQxhpkMHAE6E32+qu+YM3iYj+JpVo26glgu3xGkoef0w=="
    },
    "@rayyamhk/matrix": {
      "version": "1.0.6",
      "resolved": "https://registry.npmjs.org/@rayyamhk/matrix/-/matrix-1.0.6.tgz",
      "integrity": "sha512-A2g0frvJfrVHFcXrAYHDwq02gGf5kWPNUn8tpJT3nQ96vp3g/EVe6jCxUQe/o0YTrOtM5WAUnfT2xP38i6LmTQ==",
      "requires": {
        "@rayyamhk/complex": "^1.0.10"
      }
    },
    "@types/node": {
      "version": "15.0.1",
      "resolved": "https://registry.npmjs.org/@types/node/-/node-15.0.1.tgz",
      "integrity": "sha512-TMkXt0Ck1y0KKsGr9gJtWGjttxlZnnvDtphxUOSd0bfaR6Q1jle+sPvrzNR1urqYTWMinoKvjKfXUGsumaO1PA==",
      "dev": true
    }
  }
}
